<?xml version="1.0" encoding="UTF-8"?>
<!DOCTYPE plist PUBLIC "-//Apple//DTD PLIST 1.0//EN" "http://www.apple.com/DTDs/PropertyList-1.0.dtd">
<plist version="1.0">
<dict>
	<key>archiveVersion</key>
	<string>1</string>
	<key>classes</key>
	<dict/>
	<key>objectVersion</key>
	<string>46</string>
	<key>objects</key>
	<dict>
		<key>37E363A216211B983F42792E</key>
		<dict>
			<key>buildActionMask</key>
			<string>2147483647</string>
			<key>files</key>
			<array/>
			<key>inputPaths</key>
			<array/>
			<key>isa</key>
			<string>PBXShellScriptBuildPhase</string>
			<key>name</key>
			<string>[CP] Copy Pods Resources</string>
			<key>outputPaths</key>
			<array/>
			<key>runOnlyForDeploymentPostprocessing</key>
			<string>0</string>
			<key>shellPath</key>
			<string>/bin/sh</string>
			<key>shellScript</key>
			<string>"${SRCROOT}/Pods/Target Support Files/Pods-BLBook/Pods-BLBook-resources.sh"
</string>
			<key>showEnvVarsInLog</key>
			<string>0</string>
		</dict>
		<key>3B4B4D8047056DCC232FBCFA</key>
		<dict>
			<key>children</key>
			<array>
				<string>65CF75C5282B9514DFBE46E9</string>
			</array>
			<key>isa</key>
			<string>PBXGroup</string>
			<key>name</key>
			<string>Frameworks</string>
			<key>sourceTree</key>
			<string>&lt;group&gt;</string>
		</dict>
		<key>65CF75C5282B9514DFBE46E9</key>
		<dict>
			<key>explicitFileType</key>
			<string>archive.ar</string>
			<key>includeInIndex</key>
			<string>0</string>
			<key>isa</key>
			<string>PBXFileReference</string>
			<key>path</key>
			<string>libPods-BLBook.a</string>
			<key>sourceTree</key>
			<string>BUILT_PRODUCTS_DIR</string>
		</dict>
		<key>6E0F8C271E5D8277000B7798</key>
		<dict>
			<key>children</key>
			<array>
				<string>6EFD85A21E5E855E0086B7ED</string>
				<string>6E0F8C2B1E5D8337000B7798</string>
				<string>6E8DE38A1E5C19810058E6CD</string>
				<string>6E8DE38B1E5C19810058E6CD</string>
				<string>6E0F8C281E5D82F3000B7798</string>
				<string>6E0F8C291E5D82F3000B7798</string>
			</array>
			<key>isa</key>
			<string>PBXGroup</string>
			<key>name</key>
			<string>Utils</string>
			<key>sourceTree</key>
			<string>&lt;group&gt;</string>
		</dict>
		<key>6E0F8C281E5D82F3000B7798</key>
		<dict>
			<key>fileEncoding</key>
			<string>4</string>
			<key>isa</key>
			<string>PBXFileReference</string>
			<key>lastKnownFileType</key>
			<string>sourcecode.c.h</string>
			<key>path</key>
			<string>BLBookParser.h</string>
			<key>sourceTree</key>
			<string>&lt;group&gt;</string>
		</dict>
		<key>6E0F8C291E5D82F3000B7798</key>
		<dict>
			<key>fileEncoding</key>
			<string>4</string>
			<key>isa</key>
			<string>PBXFileReference</string>
			<key>lastKnownFileType</key>
			<string>sourcecode.c.objc</string>
			<key>path</key>
			<string>BLBookParser.m</string>
			<key>sourceTree</key>
			<string>&lt;group&gt;</string>
		</dict>
		<key>6E0F8C2A1E5D82F3000B7798</key>
		<dict>
			<key>fileRef</key>
			<string>6E0F8C291E5D82F3000B7798</string>
			<key>isa</key>
			<string>PBXBuildFile</string>
		</dict>
		<key>6E0F8C2B1E5D8337000B7798</key>
		<dict>
			<key>children</key>
			<array>
				<string>6E0F8C2C1E5D834A000B7798</string>
				<string>6E0F8C2D1E5D834A000B7798</string>
				<string>6E0F8C2E1E5D834A000B7798</string>
				<string>6E0F8C2F1E5D834A000B7798</string>
			</array>
			<key>isa</key>
			<string>PBXGroup</string>
			<key>name</key>
			<string>BLDB</string>
			<key>sourceTree</key>
			<string>&lt;group&gt;</string>
		</dict>
		<key>6E0F8C2C1E5D834A000B7798</key>
		<dict>
			<key>fileEncoding</key>
			<string>4</string>
			<key>isa</key>
			<string>PBXFileReference</string>
			<key>lastKnownFileType</key>
			<string>sourcecode.c.h</string>
			<key>path</key>
			<string>BLDBHelper.h</string>
			<key>sourceTree</key>
			<string>&lt;group&gt;</string>
		</dict>
		<key>6E0F8C2D1E5D834A000B7798</key>
		<dict>
			<key>fileEncoding</key>
			<string>4</string>
			<key>isa</key>
			<string>PBXFileReference</string>
			<key>lastKnownFileType</key>
			<string>sourcecode.c.objc</string>
			<key>path</key>
			<string>BLDBHelper.m</string>
			<key>sourceTree</key>
			<string>&lt;group&gt;</string>
		</dict>
		<key>6E0F8C2E1E5D834A000B7798</key>
		<dict>
			<key>fileEncoding</key>
			<string>4</string>
			<key>isa</key>
			<string>PBXFileReference</string>
			<key>lastKnownFileType</key>
			<string>sourcecode.c.h</string>
			<key>path</key>
			<string>BLDBModel.h</string>
			<key>sourceTree</key>
			<string>&lt;group&gt;</string>
		</dict>
		<key>6E0F8C2F1E5D834A000B7798</key>
		<dict>
			<key>fileEncoding</key>
			<string>4</string>
			<key>isa</key>
			<string>PBXFileReference</string>
			<key>lastKnownFileType</key>
			<string>sourcecode.c.objc</string>
			<key>path</key>
			<string>BLDBModel.m</string>
			<key>sourceTree</key>
			<string>&lt;group&gt;</string>
		</dict>
		<key>6E0F8C301E5D834A000B7798</key>
		<dict>
			<key>fileRef</key>
			<string>6E0F8C2D1E5D834A000B7798</string>
			<key>isa</key>
			<string>PBXBuildFile</string>
		</dict>
		<key>6E0F8C311E5D834A000B7798</key>
		<dict>
			<key>fileRef</key>
			<string>6E0F8C2F1E5D834A000B7798</string>
			<key>isa</key>
			<string>PBXBuildFile</string>
		</dict>
		<key>6E0F8C321E5D8355000B7798</key>
		<dict>
			<key>children</key>
			<array>
				<string>6E8DE3871E5BDFBC0058E6CD</string>
				<string>6E8DE3881E5BDFBC0058E6CD</string>
				<string>6E8DE3191E5BD2310058E6CD</string>
				<string>6E8DE31A1E5BD2310058E6CD</string>
				<string>6EFD859E1E5E81B30086B7ED</string>
				<string>6EFD859F1E5E81B30086B7ED</string>
				<string>6E8C5B101E6583D10058B122</string>
				<string>6E8C5B111E6583D10058B122</string>
			</array>
			<key>isa</key>
			<string>PBXGroup</string>
			<key>name</key>
			<string>Controllers</string>
			<key>sourceTree</key>
			<string>&lt;group&gt;</string>
		</dict>
		<key>6E0F8C331E5D8366000B7798</key>
		<dict>
			<key>children</key>
			<array>
				<string>6EFD85AA1E5ECC680086B7ED</string>
				<string>6EFD85AB1E5ECC680086B7ED</string>
				<string>6E4DC6BD1E5FFC85000921E1</string>
				<string>6E4DC6BE1E5FFC85000921E1</string>
				<string>6E4DC6BF1E5FFC85000921E1</string>
				<string>6E4DC6C51E604450000921E1</string>
				<string>6E4DC6C61E604450000921E1</string>
				<string>6E4DC6C71E604450000921E1</string>
				<string>6EC003961E64230000D82112</string>
				<string>6EC003971E64230000D82112</string>
				<string>6E7193D21E681FA400DE140E</string>
			</array>
			<key>isa</key>
			<string>PBXGroup</string>
			<key>name</key>
			<string>Views</string>
			<key>sourceTree</key>
			<string>&lt;group&gt;</string>
		</dict>
		<key>6E0F8C341E5D836B000B7798</key>
		<dict>
			<key>children</key>
			<array>
				<string>6E0F8C371E5D9218000B7798</string>
				<string>6E0F8C381E5D9218000B7798</string>
				<string>6EFD859B1E5E80350086B7ED</string>
				<string>6EFD859C1E5E80350086B7ED</string>
			</array>
			<key>isa</key>
			<string>PBXGroup</string>
			<key>name</key>
			<string>Models</string>
			<key>sourceTree</key>
			<string>&lt;group&gt;</string>
		</dict>
		<key>6E0F8C351E5D8377000B7798</key>
		<dict>
			<key>children</key>
			<array>
				<string>6E8DE3161E5BD2310058E6CD</string>
				<string>6E8DE3171E5BD2310058E6CD</string>
				<string>6EFD85A11E5E83E00086B7ED</string>
				<string>6EFD85AD1E5EE5C50086B7ED</string>
				<string>6EFD85AE1E5EE5C50086B7ED</string>
				<string>6E7193CD1E67FB8600DE140E</string>
			</array>
			<key>isa</key>
			<string>PBXGroup</string>
			<key>name</key>
			<string>Application</string>
			<key>sourceTree</key>
			<string>&lt;group&gt;</string>
		</dict>
		<key>6E0F8C361E5D8388000B7798</key>
		<dict>
			<key>children</key>
			<array>
				<string>6E4DC6BB1E5FC3B1000921E1</string>
				<string>6E8DE31F1E5BD2310058E6CD</string>
				<string>6E8DE3241E5BD2310058E6CD</string>
			</array>
			<key>isa</key>
			<string>PBXGroup</string>
			<key>name</key>
			<string>Resource</string>
			<key>sourceTree</key>
			<string>&lt;group&gt;</string>
		</dict>
		<key>6E0F8C371E5D9218000B7798</key>
		<dict>
			<key>fileEncoding</key>
			<string>4</string>
			<key>isa</key>
			<string>PBXFileReference</string>
			<key>lastKnownFileType</key>
			<string>sourcecode.c.h</string>
			<key>path</key>
			<string>Chapter.h</string>
			<key>sourceTree</key>
			<string>&lt;group&gt;</string>
		</dict>
		<key>6E0F8C381E5D9218000B7798</key>
		<dict>
			<key>fileEncoding</key>
			<string>4</string>
			<key>isa</key>
			<string>PBXFileReference</string>
			<key>lastKnownFileType</key>
			<string>sourcecode.c.objc</string>
			<key>path</key>
			<string>Chapter.m</string>
			<key>sourceTree</key>
			<string>&lt;group&gt;</string>
		</dict>
		<key>6E0F8C391E5D9218000B7798</key>
		<dict>
			<key>fileRef</key>
			<string>6E0F8C381E5D9218000B7798</string>
			<key>isa</key>
			<string>PBXBuildFile</string>
		</dict>
		<key>6E1903CD1E6CF4D30051C28C</key>
		<dict>
			<key>isa</key>
			<string>PBXFileReference</string>
			<key>lastKnownFileType</key>
			<string>folder.assetcatalog</string>
			<key>path</key>
			<string>Images.xcassets</string>
			<key>sourceTree</key>
			<string>&lt;group&gt;</string>
		</dict>
		<key>6E1903CE1E6CF4D30051C28C</key>
		<dict>
			<key>fileRef</key>
			<string>6E1903CD1E6CF4D30051C28C</string>
			<key>isa</key>
			<string>PBXBuildFile</string>
		</dict>
		<key>6E4DC6BB1E5FC3B1000921E1</key>
		<dict>
			<key>isa</key>
			<string>PBXFileReference</string>
			<key>lastKnownFileType</key>
			<string>image.jpeg</string>
			<key>path</key>
			<string>background.jpeg</string>
			<key>sourceTree</key>
			<string>&lt;group&gt;</string>
		</dict>
		<key>6E4DC6BC1E5FC3B1000921E1</key>
		<dict>
			<key>fileRef</key>
			<string>6E4DC6BB1E5FC3B1000921E1</string>
			<key>isa</key>
			<string>PBXBuildFile</string>
		</dict>
		<key>6E4DC6BD1E5FFC85000921E1</key>
		<dict>
			<key>fileEncoding</key>
			<string>4</string>
			<key>isa</key>
			<string>PBXFileReference</string>
			<key>lastKnownFileType</key>
			<string>sourcecode.c.h</string>
			<key>path</key>
			<string>BookListCell.h</string>
			<key>sourceTree</key>
			<string>&lt;group&gt;</string>
		</dict>
		<key>6E4DC6BE1E5FFC85000921E1</key>
		<dict>
			<key>fileEncoding</key>
			<string>4</string>
			<key>isa</key>
			<string>PBXFileReference</string>
			<key>lastKnownFileType</key>
			<string>sourcecode.c.objc</string>
			<key>path</key>
			<string>BookListCell.m</string>
			<key>sourceTree</key>
			<string>&lt;group&gt;</string>
		</dict>
		<key>6E4DC6BF1E5FFC85000921E1</key>
		<dict>
			<key>fileEncoding</key>
			<string>4</string>
			<key>isa</key>
			<string>PBXFileReference</string>
			<key>lastKnownFileType</key>
			<string>file.xib</string>
			<key>path</key>
			<string>BookListCell.xib</string>
			<key>sourceTree</key>
			<string>&lt;group&gt;</string>
		</dict>
		<key>6E4DC6C01E5FFC85000921E1</key>
		<dict>
			<key>fileRef</key>
			<string>6E4DC6BE1E5FFC85000921E1</string>
			<key>isa</key>
			<string>PBXBuildFile</string>
		</dict>
		<key>6E4DC6C11E5FFC85000921E1</key>
		<dict>
			<key>fileRef</key>
			<string>6E4DC6BF1E5FFC85000921E1</string>
			<key>isa</key>
			<string>PBXBuildFile</string>
		</dict>
		<key>6E4DC6C51E604450000921E1</key>
		<dict>
			<key>fileEncoding</key>
			<string>4</string>
			<key>isa</key>
			<string>PBXFileReference</string>
			<key>lastKnownFileType</key>
			<string>sourcecode.c.h</string>
			<key>path</key>
			<string>PageViewCell.h</string>
			<key>sourceTree</key>
			<string>&lt;group&gt;</string>
		</dict>
		<key>6E4DC6C61E604450000921E1</key>
		<dict>
			<key>fileEncoding</key>
			<string>4</string>
			<key>isa</key>
			<string>PBXFileReference</string>
			<key>lastKnownFileType</key>
			<string>sourcecode.c.objc</string>
			<key>path</key>
			<string>PageViewCell.m</string>
			<key>sourceTree</key>
			<string>&lt;group&gt;</string>
		</dict>
		<key>6E4DC6C71E604450000921E1</key>
		<dict>
			<key>fileEncoding</key>
			<string>4</string>
			<key>isa</key>
			<string>PBXFileReference</string>
			<key>lastKnownFileType</key>
			<string>file.xib</string>
			<key>path</key>
			<string>PageViewCell.xib</string>
			<key>sourceTree</key>
			<string>&lt;group&gt;</string>
		</dict>
		<key>6E4DC6C81E604450000921E1</key>
		<dict>
			<key>fileRef</key>
			<string>6E4DC6C61E604450000921E1</string>
			<key>isa</key>
			<string>PBXBuildFile</string>
		</dict>
		<key>6E4DC6C91E604450000921E1</key>
		<dict>
			<key>fileRef</key>
			<string>6E4DC6C71E604450000921E1</string>
			<key>isa</key>
			<string>PBXBuildFile</string>
		</dict>
		<key>6E7193CD1E67FB8600DE140E</key>
		<dict>
			<key>isa</key>
			<string>PBXFileReference</string>
			<key>lastKnownFileType</key>
			<string>sourcecode.c.h</string>
			<key>path</key>
			<string>BLBook-Bridging-Header.h</string>
			<key>sourceTree</key>
			<string>&lt;group&gt;</string>
		</dict>
		<key>6E7193D21E681FA400DE140E</key>
		<dict>
			<key>fileEncoding</key>
			<string>4</string>
			<key>isa</key>
			<string>PBXFileReference</string>
			<key>lastKnownFileType</key>
			<string>sourcecode.swift</string>
			<key>path</key>
			<string>BLToolBarView.swift</string>
			<key>sourceTree</key>
			<string>&lt;group&gt;</string>
		</dict>
		<key>6E7193D31E681FA400DE140E</key>
		<dict>
			<key>fileRef</key>
			<string>6E7193D21E681FA400DE140E</string>
			<key>isa</key>
			<string>PBXBuildFile</string>
		</dict>
		<key>6E8C5B101E6583D10058B122</key>
		<dict>
			<key>fileEncoding</key>
			<string>4</string>
			<key>isa</key>
			<string>PBXFileReference</string>
			<key>lastKnownFileType</key>
			<string>sourcecode.c.h</string>
			<key>path</key>
			<string>ChapterViewController.h</string>
			<key>sourceTree</key>
			<string>&lt;group&gt;</string>
		</dict>
		<key>6E8C5B111E6583D10058B122</key>
		<dict>
			<key>fileEncoding</key>
			<string>4</string>
			<key>isa</key>
			<string>PBXFileReference</string>
			<key>lastKnownFileType</key>
			<string>sourcecode.c.objc</string>
			<key>path</key>
			<string>ChapterViewController.m</string>
			<key>sourceTree</key>
			<string>&lt;group&gt;</string>
		</dict>
		<key>6E8C5B121E6583D10058B122</key>
		<dict>
			<key>fileRef</key>
			<string>6E8C5B111E6583D10058B122</string>
			<key>isa</key>
			<string>PBXBuildFile</string>
		</dict>
		<key>6E8DE3071E5BD2310058E6CD</key>
		<dict>
			<key>children</key>
			<array>
				<string>6E8DE3121E5BD2310058E6CD</string>
				<string>6E8DE32C1E5BD2320058E6CD</string>
				<string>6E8DE3371E5BD2320058E6CD</string>
				<string>6E8DE3111E5BD2310058E6CD</string>
				<string>7B8F22CB9EDF8F8C3320A8C5</string>
				<string>3B4B4D8047056DCC232FBCFA</string>
			</array>
			<key>isa</key>
			<string>PBXGroup</string>
			<key>sourceTree</key>
			<string>&lt;group&gt;</string>
		</dict>
		<key>6E8DE3081E5BD2310058E6CD</key>
		<dict>
			<key>attributes</key>
			<dict>
				<key>LastUpgradeCheck</key>
				<string>0810</string>
				<key>ORGANIZATIONNAME</key>
				<string>5i5j</string>
				<key>TargetAttributes</key>
				<dict>
					<key>6E8DE30F1E5BD2310058E6CD</key>
					<dict>
						<key>CreatedOnToolsVersion</key>
						<string>8.1</string>
						<key>DevelopmentTeam</key>
						<string>57WTDCG577</string>
						<key>LastSwiftMigration</key>
						<string>0810</string>
						<key>ProvisioningStyle</key>
						<string>Automatic</string>
					</dict>
					<key>6E8DE3281E5BD2320058E6CD</key>
					<dict>
						<key>CreatedOnToolsVersion</key>
						<string>8.1</string>
						<key>ProvisioningStyle</key>
						<string>Automatic</string>
						<key>TestTargetID</key>
						<string>6E8DE30F1E5BD2310058E6CD</string>
					</dict>
					<key>6E8DE3331E5BD2320058E6CD</key>
					<dict>
						<key>CreatedOnToolsVersion</key>
						<string>8.1</string>
						<key>ProvisioningStyle</key>
						<string>Automatic</string>
						<key>TestTargetID</key>
						<string>6E8DE30F1E5BD2310058E6CD</string>
					</dict>
				</dict>
			</dict>
			<key>buildConfigurationList</key>
			<string>6E8DE30B1E5BD2310058E6CD</string>
			<key>compatibilityVersion</key>
			<string>Xcode 3.2</string>
			<key>developmentRegion</key>
			<string>English</string>
			<key>hasScannedForEncodings</key>
			<string>0</string>
			<key>isa</key>
			<string>PBXProject</string>
			<key>knownRegions</key>
			<array>
				<string>en</string>
				<string>Base</string>
			</array>
			<key>mainGroup</key>
			<string>6E8DE3071E5BD2310058E6CD</string>
			<key>productRefGroup</key>
			<string>6E8DE3111E5BD2310058E6CD</string>
			<key>projectDirPath</key>
			<string></string>
			<key>projectReferences</key>
			<array/>
			<key>projectRoot</key>
			<string></string>
			<key>targets</key>
			<array>
				<string>6E8DE30F1E5BD2310058E6CD</string>
				<string>6E8DE3281E5BD2320058E6CD</string>
				<string>6E8DE3331E5BD2320058E6CD</string>
			</array>
		</dict>
		<key>6E8DE30B1E5BD2310058E6CD</key>
		<dict>
			<key>buildConfigurations</key>
			<array>
				<string>6E8DE33B1E5BD2320058E6CD</string>
				<string>6E8DE33C1E5BD2320058E6CD</string>
			</array>
			<key>defaultConfigurationIsVisible</key>
			<string>0</string>
			<key>defaultConfigurationName</key>
			<string>Release</string>
			<key>isa</key>
			<string>XCConfigurationList</string>
		</dict>
		<key>6E8DE30C1E5BD2310058E6CD</key>
		<dict>
			<key>buildActionMask</key>
			<string>2147483647</string>
			<key>files</key>
			<array>
				<string>6E8C5B121E6583D10058B122</string>
				<string>6E4DC6C01E5FFC85000921E1</string>
				<string>6E0F8C2A1E5D82F3000B7798</string>
				<string>6E8DE38C1E5C19810058E6CD</string>
				<string>6E8DE31B1E5BD2310058E6CD</string>
				<string>6E4DC6C81E604450000921E1</string>
				<string>6EC003981E64230000D82112</string>
				<string>6E0F8C391E5D9218000B7798</string>
				<string>6EFD859D1E5E80350086B7ED</string>
				<string>6EFD85A01E5E81B30086B7ED</string>
				<string>6E0F8C311E5D834A000B7798</string>
				<string>6E0F8C301E5D834A000B7798</string>
				<string>6E8DE3891E5BDFBC0058E6CD</string>
				<string>6E7193D31E681FA400DE140E</string>
				<string>6E8DE3181E5BD2310058E6CD</string>
				<string>6E8DE3151E5BD2310058E6CD</string>
				<string>6EFD85AF1E5EE5C50086B7ED</string>
				<string>6EFD85A91E5E8FD40086B7ED</string>
				<string>6EFD85AC1E5ECC680086B7ED</string>
			</array>
			<key>isa</key>
			<string>PBXSourcesBuildPhase</string>
			<key>runOnlyForDeploymentPostprocessing</key>
			<string>0</string>
		</dict>
		<key>6E8DE30D1E5BD2310058E6CD</key>
		<dict>
			<key>buildActionMask</key>
			<string>2147483647</string>
			<key>files</key>
			<array>
				<string>F6AFF1FC2F0BCDA82560A744</string>
			</array>
			<key>isa</key>
			<string>PBXFrameworksBuildPhase</string>
			<key>runOnlyForDeploymentPostprocessing</key>
			<string>0</string>
		</dict>
		<key>6E8DE30E1E5BD2310058E6CD</key>
		<dict>
			<key>buildActionMask</key>
			<string>2147483647</string>
			<key>files</key>
			<array>
				<string>6E4DC6C91E604450000921E1</string>
				<string>6E1903CE1E6CF4D30051C28C</string>
				<string>6E4DC6C11E5FFC85000921E1</string>
				<string>6E4DC6BC1E5FC3B1000921E1</string>
				<string>6E8DE3201E5BD2310058E6CD</string>
			</array>
			<key>isa</key>
			<string>PBXResourcesBuildPhase</string>
			<key>runOnlyForDeploymentPostprocessing</key>
			<string>0</string>
		</dict>
		<key>6E8DE30F1E5BD2310058E6CD</key>
		<dict>
			<key>buildConfigurationList</key>
			<string>6E8DE33D1E5BD2320058E6CD</string>
			<key>buildPhases</key>
			<array>
				<string>FE664B7CC8034632D04EFAC8</string>
				<string>6E8DE30C1E5BD2310058E6CD</string>
				<string>6E8DE30D1E5BD2310058E6CD</string>
				<string>6E8DE30E1E5BD2310058E6CD</string>
				<string>FFFCCB4962C66874D11730A6</string>
				<string>37E363A216211B983F42792E</string>
			</array>
			<key>buildRules</key>
			<array/>
			<key>dependencies</key>
			<array/>
			<key>isa</key>
			<string>PBXNativeTarget</string>
			<key>name</key>
			<string>BLBook</string>
			<key>productName</key>
			<string>BLBook</string>
			<key>productReference</key>
			<string>6E8DE3101E5BD2310058E6CD</string>
			<key>productType</key>
			<string>com.apple.product-type.application</string>
		</dict>
		<key>6E8DE3101E5BD2310058E6CD</key>
		<dict>
			<key>explicitFileType</key>
			<string>wrapper.application</string>
			<key>includeInIndex</key>
			<string>0</string>
			<key>isa</key>
			<string>PBXFileReference</string>
			<key>path</key>
			<string>BLBook.app</string>
			<key>sourceTree</key>
			<string>BUILT_PRODUCTS_DIR</string>
		</dict>
		<key>6E8DE3111E5BD2310058E6CD</key>
		<dict>
			<key>children</key>
			<array>
				<string>6E8DE3101E5BD2310058E6CD</string>
				<string>6E8DE3291E5BD2320058E6CD</string>
				<string>6E8DE3341E5BD2320058E6CD</string>
			</array>
			<key>isa</key>
			<string>PBXGroup</string>
			<key>name</key>
			<string>Products</string>
			<key>sourceTree</key>
			<string>&lt;group&gt;</string>
		</dict>
		<key>6E8DE3121E5BD2310058E6CD</key>
		<dict>
			<key>children</key>
			<array>
				<string>6EFD85A61E5E8FAE0086B7ED</string>
				<string>6EFD85A51E5E85BC0086B7ED</string>
				<string>6E0F8C361E5D8388000B7798</string>
				<string>6E0F8C351E5D8377000B7798</string>
				<string>6E0F8C341E5D836B000B7798</string>
				<string>6E0F8C331E5D8366000B7798</string>
				<string>6E0F8C321E5D8355000B7798</string>
				<string>6E0F8C271E5D8277000B7798</string>
				<string>6E1903CD1E6CF4D30051C28C</string>
				<string>6E8DE3131E5BD2310058E6CD</string>
			</array>
			<key>isa</key>
			<string>PBXGroup</string>
			<key>path</key>
			<string>BLBook</string>
			<key>sourceTree</key>
			<string>&lt;group&gt;</string>
		</dict>
		<key>6E8DE3131E5BD2310058E6CD</key>
		<dict>
			<key>children</key>
			<array>
				<string>6E8DE3141E5BD2310058E6CD</string>
			</array>
			<key>isa</key>
			<string>PBXGroup</string>
			<key>name</key>
			<string>Supporting Files</string>
			<key>sourceTree</key>
			<string>&lt;group&gt;</string>
		</dict>
		<key>6E8DE3141E5BD2310058E6CD</key>
		<dict>
			<key>isa</key>
			<string>PBXFileReference</string>
			<key>lastKnownFileType</key>
			<string>sourcecode.c.objc</string>
			<key>path</key>
			<string>main.m</string>
			<key>sourceTree</key>
			<string>&lt;group&gt;</string>
		</dict>
		<key>6E8DE3151E5BD2310058E6CD</key>
		<dict>
			<key>fileRef</key>
			<string>6E8DE3141E5BD2310058E6CD</string>
			<key>isa</key>
			<string>PBXBuildFile</string>
		</dict>
		<key>6E8DE3161E5BD2310058E6CD</key>
		<dict>
			<key>isa</key>
			<string>PBXFileReference</string>
			<key>lastKnownFileType</key>
			<string>sourcecode.c.h</string>
			<key>path</key>
			<string>AppDelegate.h</string>
			<key>sourceTree</key>
			<string>&lt;group&gt;</string>
		</dict>
		<key>6E8DE3171E5BD2310058E6CD</key>
		<dict>
			<key>isa</key>
			<string>PBXFileReference</string>
			<key>lastKnownFileType</key>
			<string>sourcecode.c.objc</string>
			<key>path</key>
			<string>AppDelegate.m</string>
			<key>sourceTree</key>
			<string>&lt;group&gt;</string>
		</dict>
		<key>6E8DE3181E5BD2310058E6CD</key>
		<dict>
			<key>fileRef</key>
			<string>6E8DE3171E5BD2310058E6CD</string>
			<key>isa</key>
			<string>PBXBuildFile</string>
		</dict>
		<key>6E8DE3191E5BD2310058E6CD</key>
		<dict>
			<key>isa</key>
			<string>PBXFileReference</string>
			<key>lastKnownFileType</key>
			<string>sourcecode.c.h</string>
			<key>path</key>
			<string>MainViewController.h</string>
			<key>sourceTree</key>
			<string>&lt;group&gt;</string>
		</dict>
		<key>6E8DE31A1E5BD2310058E6CD</key>
		<dict>
			<key>isa</key>
			<string>PBXFileReference</string>
			<key>lastKnownFileType</key>
			<string>sourcecode.c.objc</string>
			<key>path</key>
			<string>MainViewController.m</string>
			<key>sourceTree</key>
			<string>&lt;group&gt;</string>
		</dict>
		<key>6E8DE31B1E5BD2310058E6CD</key>
		<dict>
			<key>fileRef</key>
			<string>6E8DE31A1E5BD2310058E6CD</string>
			<key>isa</key>
			<string>PBXBuildFile</string>
		</dict>
		<key>6E8DE31F1E5BD2310058E6CD</key>
		<dict>
			<key>isa</key>
			<string>PBXFileReference</string>
			<key>lastKnownFileType</key>
			<string>folder.assetcatalog</string>
			<key>path</key>
			<string>Assets.xcassets</string>
			<key>sourceTree</key>
			<string>&lt;group&gt;</string>
		</dict>
		<key>6E8DE3201E5BD2310058E6CD</key>
		<dict>
			<key>fileRef</key>
			<string>6E8DE31F1E5BD2310058E6CD</string>
			<key>isa</key>
			<string>PBXBuildFile</string>
		</dict>
		<key>6E8DE3241E5BD2310058E6CD</key>
		<dict>
			<key>isa</key>
			<string>PBXFileReference</string>
			<key>lastKnownFileType</key>
			<string>text.plist.xml</string>
			<key>path</key>
			<string>Info.plist</string>
			<key>sourceTree</key>
			<string>&lt;group&gt;</string>
		</dict>
		<key>6E8DE3251E5BD2320058E6CD</key>
		<dict>
			<key>buildActionMask</key>
			<string>2147483647</string>
			<key>files</key>
			<array>
				<string>6E8DE32E1E5BD2320058E6CD</string>
			</array>
			<key>isa</key>
			<string>PBXSourcesBuildPhase</string>
			<key>runOnlyForDeploymentPostprocessing</key>
			<string>0</string>
		</dict>
		<key>6E8DE3261E5BD2320058E6CD</key>
		<dict>
			<key>buildActionMask</key>
			<string>2147483647</string>
			<key>files</key>
			<array/>
			<key>isa</key>
			<string>PBXFrameworksBuildPhase</string>
			<key>runOnlyForDeploymentPostprocessing</key>
			<string>0</string>
		</dict>
		<key>6E8DE3271E5BD2320058E6CD</key>
		<dict>
			<key>buildActionMask</key>
			<string>2147483647</string>
			<key>files</key>
			<array/>
			<key>isa</key>
			<string>PBXResourcesBuildPhase</string>
			<key>runOnlyForDeploymentPostprocessing</key>
			<string>0</string>
		</dict>
		<key>6E8DE3281E5BD2320058E6CD</key>
		<dict>
			<key>buildConfigurationList</key>
			<string>6E8DE3401E5BD2320058E6CD</string>
			<key>buildPhases</key>
			<array>
				<string>6E8DE3251E5BD2320058E6CD</string>
				<string>6E8DE3261E5BD2320058E6CD</string>
				<string>6E8DE3271E5BD2320058E6CD</string>
			</array>
			<key>buildRules</key>
			<array/>
			<key>dependencies</key>
			<array>
				<string>6E8DE32B1E5BD2320058E6CD</string>
			</array>
			<key>isa</key>
			<string>PBXNativeTarget</string>
			<key>name</key>
			<string>BLBookTests</string>
			<key>productName</key>
			<string>BLBookTests</string>
			<key>productReference</key>
			<string>6E8DE3291E5BD2320058E6CD</string>
			<key>productType</key>
			<string>com.apple.product-type.bundle.unit-test</string>
		</dict>
		<key>6E8DE3291E5BD2320058E6CD</key>
		<dict>
			<key>explicitFileType</key>
			<string>wrapper.cfbundle</string>
			<key>includeInIndex</key>
			<string>0</string>
			<key>isa</key>
			<string>PBXFileReference</string>
			<key>path</key>
			<string>BLBookTests.xctest</string>
			<key>sourceTree</key>
			<string>BUILT_PRODUCTS_DIR</string>
		</dict>
		<key>6E8DE32A1E5BD2320058E6CD</key>
		<dict>
			<key>containerPortal</key>
			<string>6E8DE3081E5BD2310058E6CD</string>
			<key>isa</key>
			<string>PBXContainerItemProxy</string>
			<key>proxyType</key>
			<string>1</string>
			<key>remoteGlobalIDString</key>
			<string>6E8DE30F1E5BD2310058E6CD</string>
			<key>remoteInfo</key>
			<string>BLBook</string>
		</dict>
		<key>6E8DE32B1E5BD2320058E6CD</key>
		<dict>
			<key>isa</key>
			<string>PBXTargetDependency</string>
			<key>target</key>
			<string>6E8DE30F1E5BD2310058E6CD</string>
			<key>targetProxy</key>
			<string>6E8DE32A1E5BD2320058E6CD</string>
		</dict>
		<key>6E8DE32C1E5BD2320058E6CD</key>
		<dict>
			<key>children</key>
			<array>
				<string>6E8DE32D1E5BD2320058E6CD</string>
				<string>6E8DE32F1E5BD2320058E6CD</string>
			</array>
			<key>isa</key>
			<string>PBXGroup</string>
			<key>path</key>
			<string>BLBookTests</string>
			<key>sourceTree</key>
			<string>&lt;group&gt;</string>
		</dict>
		<key>6E8DE32D1E5BD2320058E6CD</key>
		<dict>
			<key>isa</key>
			<string>PBXFileReference</string>
			<key>lastKnownFileType</key>
			<string>sourcecode.c.objc</string>
			<key>path</key>
			<string>BLBookTests.m</string>
			<key>sourceTree</key>
			<string>&lt;group&gt;</string>
		</dict>
		<key>6E8DE32E1E5BD2320058E6CD</key>
		<dict>
			<key>fileRef</key>
			<string>6E8DE32D1E5BD2320058E6CD</string>
			<key>isa</key>
			<string>PBXBuildFile</string>
		</dict>
		<key>6E8DE32F1E5BD2320058E6CD</key>
		<dict>
			<key>isa</key>
			<string>PBXFileReference</string>
			<key>lastKnownFileType</key>
			<string>text.plist.xml</string>
			<key>path</key>
			<string>Info.plist</string>
			<key>sourceTree</key>
			<string>&lt;group&gt;</string>
		</dict>
		<key>6E8DE3301E5BD2320058E6CD</key>
		<dict>
			<key>buildActionMask</key>
			<string>2147483647</string>
			<key>files</key>
			<array>
				<string>6E8DE3391E5BD2320058E6CD</string>
			</array>
			<key>isa</key>
			<string>PBXSourcesBuildPhase</string>
			<key>runOnlyForDeploymentPostprocessing</key>
			<string>0</string>
		</dict>
		<key>6E8DE3311E5BD2320058E6CD</key>
		<dict>
			<key>buildActionMask</key>
			<string>2147483647</string>
			<key>files</key>
			<array/>
			<key>isa</key>
			<string>PBXFrameworksBuildPhase</string>
			<key>runOnlyForDeploymentPostprocessing</key>
			<string>0</string>
		</dict>
		<key>6E8DE3321E5BD2320058E6CD</key>
		<dict>
			<key>buildActionMask</key>
			<string>2147483647</string>
			<key>files</key>
			<array/>
			<key>isa</key>
			<string>PBXResourcesBuildPhase</string>
			<key>runOnlyForDeploymentPostprocessing</key>
			<string>0</string>
		</dict>
		<key>6E8DE3331E5BD2320058E6CD</key>
		<dict>
			<key>buildConfigurationList</key>
			<string>6E8DE3431E5BD2320058E6CD</string>
			<key>buildPhases</key>
			<array>
				<string>6E8DE3301E5BD2320058E6CD</string>
				<string>6E8DE3311E5BD2320058E6CD</string>
				<string>6E8DE3321E5BD2320058E6CD</string>
			</array>
			<key>buildRules</key>
			<array/>
			<key>dependencies</key>
			<array>
				<string>6E8DE3361E5BD2320058E6CD</string>
			</array>
			<key>isa</key>
			<string>PBXNativeTarget</string>
			<key>name</key>
			<string>BLBookUITests</string>
			<key>productName</key>
			<string>BLBookUITests</string>
			<key>productReference</key>
			<string>6E8DE3341E5BD2320058E6CD</string>
			<key>productType</key>
			<string>com.apple.product-type.bundle.ui-testing</string>
		</dict>
		<key>6E8DE3341E5BD2320058E6CD</key>
		<dict>
			<key>explicitFileType</key>
			<string>wrapper.cfbundle</string>
			<key>includeInIndex</key>
			<string>0</string>
			<key>isa</key>
			<string>PBXFileReference</string>
			<key>path</key>
			<string>BLBookUITests.xctest</string>
			<key>sourceTree</key>
			<string>BUILT_PRODUCTS_DIR</string>
		</dict>
		<key>6E8DE3351E5BD2320058E6CD</key>
		<dict>
			<key>containerPortal</key>
			<string>6E8DE3081E5BD2310058E6CD</string>
			<key>isa</key>
			<string>PBXContainerItemProxy</string>
			<key>proxyType</key>
			<string>1</string>
			<key>remoteGlobalIDString</key>
			<string>6E8DE30F1E5BD2310058E6CD</string>
			<key>remoteInfo</key>
			<string>BLBook</string>
		</dict>
		<key>6E8DE3361E5BD2320058E6CD</key>
		<dict>
			<key>isa</key>
			<string>PBXTargetDependency</string>
			<key>target</key>
			<string>6E8DE30F1E5BD2310058E6CD</string>
			<key>targetProxy</key>
			<string>6E8DE3351E5BD2320058E6CD</string>
		</dict>
		<key>6E8DE3371E5BD2320058E6CD</key>
		<dict>
			<key>children</key>
			<array>
				<string>6E8DE3381E5BD2320058E6CD</string>
				<string>6E8DE33A1E5BD2320058E6CD</string>
			</array>
			<key>isa</key>
			<string>PBXGroup</string>
			<key>path</key>
			<string>BLBookUITests</string>
			<key>sourceTree</key>
			<string>&lt;group&gt;</string>
		</dict>
		<key>6E8DE3381E5BD2320058E6CD</key>
		<dict>
			<key>isa</key>
			<string>PBXFileReference</string>
			<key>lastKnownFileType</key>
			<string>sourcecode.c.objc</string>
			<key>path</key>
			<string>BLBookUITests.m</string>
			<key>sourceTree</key>
			<string>&lt;group&gt;</string>
		</dict>
		<key>6E8DE3391E5BD2320058E6CD</key>
		<dict>
			<key>fileRef</key>
			<string>6E8DE3381E5BD2320058E6CD</string>
			<key>isa</key>
			<string>PBXBuildFile</string>
		</dict>
		<key>6E8DE33A1E5BD2320058E6CD</key>
		<dict>
			<key>isa</key>
			<string>PBXFileReference</string>
			<key>lastKnownFileType</key>
			<string>text.plist.xml</string>
			<key>path</key>
			<string>Info.plist</string>
			<key>sourceTree</key>
			<string>&lt;group&gt;</string>
		</dict>
		<key>6E8DE33B1E5BD2320058E6CD</key>
		<dict>
			<key>buildSettings</key>
			<dict>
				<key>ALWAYS_SEARCH_USER_PATHS</key>
				<string>NO</string>
				<key>CLANG_ANALYZER_NONNULL</key>
				<string>YES</string>
				<key>CLANG_CXX_LANGUAGE_STANDARD</key>
				<string>gnu++0x</string>
				<key>CLANG_CXX_LIBRARY</key>
				<string>libc++</string>
				<key>CLANG_ENABLE_MODULES</key>
				<string>YES</string>
				<key>CLANG_ENABLE_OBJC_ARC</key>
				<string>YES</string>
				<key>CLANG_WARN_BOOL_CONVERSION</key>
				<string>YES</string>
				<key>CLANG_WARN_CONSTANT_CONVERSION</key>
				<string>YES</string>
				<key>CLANG_WARN_DIRECT_OBJC_ISA_USAGE</key>
				<string>YES_ERROR</string>
				<key>CLANG_WARN_DOCUMENTATION_COMMENTS</key>
				<string>YES</string>
				<key>CLANG_WARN_EMPTY_BODY</key>
				<string>YES</string>
				<key>CLANG_WARN_ENUM_CONVERSION</key>
				<string>YES</string>
				<key>CLANG_WARN_INFINITE_RECURSION</key>
				<string>YES</string>
				<key>CLANG_WARN_INT_CONVERSION</key>
				<string>YES</string>
				<key>CLANG_WARN_OBJC_ROOT_CLASS</key>
				<string>YES_ERROR</string>
				<key>CLANG_WARN_SUSPICIOUS_MOVES</key>
				<string>YES</string>
				<key>CLANG_WARN_UNREACHABLE_CODE</key>
				<string>YES</string>
				<key>CLANG_WARN__DUPLICATE_METHOD_MATCH</key>
				<string>YES</string>
				<key>CODE_SIGN_IDENTITY[sdk=iphoneos*]</key>
				<string>iPhone Developer</string>
				<key>COPY_PHASE_STRIP</key>
				<string>NO</string>
				<key>DEBUG_INFORMATION_FORMAT</key>
				<string>dwarf</string>
				<key>ENABLE_STRICT_OBJC_MSGSEND</key>
				<string>YES</string>
				<key>ENABLE_TESTABILITY</key>
				<string>YES</string>
				<key>GCC_C_LANGUAGE_STANDARD</key>
				<string>gnu99</string>
				<key>GCC_DYNAMIC_NO_PIC</key>
				<string>NO</string>
				<key>GCC_NO_COMMON_BLOCKS</key>
				<string>YES</string>
				<key>GCC_OPTIMIZATION_LEVEL</key>
				<string>0</string>
				<key>GCC_PREPROCESSOR_DEFINITIONS</key>
				<array>
					<string>DEBUG=1</string>
					<string>$(inherited)</string>
				</array>
				<key>GCC_WARN_64_TO_32_BIT_CONVERSION</key>
				<string>YES</string>
				<key>GCC_WARN_ABOUT_RETURN_TYPE</key>
				<string>YES_ERROR</string>
				<key>GCC_WARN_UNDECLARED_SELECTOR</key>
				<string>YES</string>
				<key>GCC_WARN_UNINITIALIZED_AUTOS</key>
				<string>YES_AGGRESSIVE</string>
				<key>GCC_WARN_UNUSED_FUNCTION</key>
				<string>YES</string>
				<key>GCC_WARN_UNUSED_VARIABLE</key>
				<string>YES</string>
				<key>IPHONEOS_DEPLOYMENT_TARGET</key>
				<string>10.1</string>
				<key>MTL_ENABLE_DEBUG_INFO</key>
				<string>YES</string>
				<key>ONLY_ACTIVE_ARCH</key>
				<string>YES</string>
				<key>SDKROOT</key>
				<string>iphoneos</string>
			</dict>
			<key>isa</key>
			<string>XCBuildConfiguration</string>
			<key>name</key>
			<string>Debug</string>
		</dict>
		<key>6E8DE33C1E5BD2320058E6CD</key>
		<dict>
			<key>buildSettings</key>
			<dict>
				<key>ALWAYS_SEARCH_USER_PATHS</key>
				<string>NO</string>
				<key>CLANG_ANALYZER_NONNULL</key>
				<string>YES</string>
				<key>CLANG_CXX_LANGUAGE_STANDARD</key>
				<string>gnu++0x</string>
				<key>CLANG_CXX_LIBRARY</key>
				<string>libc++</string>
				<key>CLANG_ENABLE_MODULES</key>
				<string>YES</string>
				<key>CLANG_ENABLE_OBJC_ARC</key>
				<string>YES</string>
				<key>CLANG_WARN_BOOL_CONVERSION</key>
				<string>YES</string>
				<key>CLANG_WARN_CONSTANT_CONVERSION</key>
				<string>YES</string>
				<key>CLANG_WARN_DIRECT_OBJC_ISA_USAGE</key>
				<string>YES_ERROR</string>
				<key>CLANG_WARN_DOCUMENTATION_COMMENTS</key>
				<string>YES</string>
				<key>CLANG_WARN_EMPTY_BODY</key>
				<string>YES</string>
				<key>CLANG_WARN_ENUM_CONVERSION</key>
				<string>YES</string>
				<key>CLANG_WARN_INFINITE_RECURSION</key>
				<string>YES</string>
				<key>CLANG_WARN_INT_CONVERSION</key>
				<string>YES</string>
				<key>CLANG_WARN_OBJC_ROOT_CLASS</key>
				<string>YES_ERROR</string>
				<key>CLANG_WARN_SUSPICIOUS_MOVES</key>
				<string>YES</string>
				<key>CLANG_WARN_UNREACHABLE_CODE</key>
				<string>YES</string>
				<key>CLANG_WARN__DUPLICATE_METHOD_MATCH</key>
				<string>YES</string>
				<key>CODE_SIGN_IDENTITY[sdk=iphoneos*]</key>
				<string>iPhone Developer</string>
				<key>COPY_PHASE_STRIP</key>
				<string>NO</string>
				<key>DEBUG_INFORMATION_FORMAT</key>
				<string>dwarf-with-dsym</string>
				<key>ENABLE_NS_ASSERTIONS</key>
				<string>NO</string>
				<key>ENABLE_STRICT_OBJC_MSGSEND</key>
				<string>YES</string>
				<key>GCC_C_LANGUAGE_STANDARD</key>
				<string>gnu99</string>
				<key>GCC_NO_COMMON_BLOCKS</key>
				<string>YES</string>
				<key>GCC_WARN_64_TO_32_BIT_CONVERSION</key>
				<string>YES</string>
				<key>GCC_WARN_ABOUT_RETURN_TYPE</key>
				<string>YES_ERROR</string>
				<key>GCC_WARN_UNDECLARED_SELECTOR</key>
				<string>YES</string>
				<key>GCC_WARN_UNINITIALIZED_AUTOS</key>
				<string>YES_AGGRESSIVE</string>
				<key>GCC_WARN_UNUSED_FUNCTION</key>
				<string>YES</string>
				<key>GCC_WARN_UNUSED_VARIABLE</key>
				<string>YES</string>
				<key>IPHONEOS_DEPLOYMENT_TARGET</key>
				<string>10.1</string>
				<key>MTL_ENABLE_DEBUG_INFO</key>
				<string>NO</string>
				<key>SDKROOT</key>
				<string>iphoneos</string>
				<key>VALIDATE_PRODUCT</key>
				<string>YES</string>
			</dict>
			<key>isa</key>
			<string>XCBuildConfiguration</string>
			<key>name</key>
			<string>Release</string>
		</dict>
		<key>6E8DE33D1E5BD2320058E6CD</key>
		<dict>
			<key>buildConfigurations</key>
			<array>
				<string>6E8DE33E1E5BD2320058E6CD</string>
				<string>6E8DE33F1E5BD2320058E6CD</string>
			</array>
			<key>defaultConfigurationIsVisible</key>
			<string>0</string>
			<key>defaultConfigurationName</key>
			<string>Release</string>
			<key>isa</key>
			<string>XCConfigurationList</string>
		</dict>
		<key>6E8DE33E1E5BD2320058E6CD</key>
		<dict>
			<key>baseConfigurationReference</key>
			<string>F6BBD405658B1D1141CF7C3D</string>
			<key>buildSettings</key>
			<dict>
				<key>ASSETCATALOG_COMPILER_APPICON_NAME</key>
				<string>AppIcon</string>
				<key>ASSETCATALOG_COMPILER_LAUNCHIMAGE_NAME</key>
				<string>LaunchImage</string>
				<key>CLANG_ENABLE_MODULES</key>
				<string>YES</string>
				<key>CODE_SIGN_IDENTITY</key>
				<string>iPhone Developer</string>
				<key>DEFINES_MODULE</key>
				<string>YES</string>
				<key>DEVELOPMENT_TEAM</key>
				<string>57WTDCG577</string>
				<key>GCC_PREFIX_HEADER</key>
				<string>$(SRCROOT)/BLBook/BLBook.pch</string>
				<key>INFOPLIST_FILE</key>
				<string>BLBook/Info.plist</string>
				<key>IPHONEOS_DEPLOYMENT_TARGET</key>
				<string>8.0</string>
				<key>LD_RUNPATH_SEARCH_PATHS</key>
				<string>$(inherited) @executable_path/Frameworks</string>
				<key>PRODUCT_BUNDLE_IDENTIFIER</key>
				<string>com.bacic5i5j.BLBook</string>
				<key>PRODUCT_NAME</key>
				<string>$(TARGET_NAME)</string>
				<key>PROVISIONING_PROFILE</key>
				<string></string>
				<key>SWIFT_OBJC_BRIDGING_HEADER</key>
				<string>BLBook/BLBook-Bridging-Header.h</string>
				<key>SWIFT_OPTIMIZATION_LEVEL</key>
				<string>-Onone</string>
				<key>SWIFT_VERSION</key>
				<string>3.0</string>
			</dict>
			<key>isa</key>
			<string>XCBuildConfiguration</string>
			<key>name</key>
			<string>Debug</string>
		</dict>
		<key>6E8DE33F1E5BD2320058E6CD</key>
		<dict>
			<key>baseConfigurationReference</key>
			<string>DA1D74B2D8BE94AF57A2C257</string>
			<key>buildSettings</key>
			<dict>
				<key>ASSETCATALOG_COMPILER_APPICON_NAME</key>
				<string>AppIcon</string>
				<key>ASSETCATALOG_COMPILER_LAUNCHIMAGE_NAME</key>
				<string>LaunchImage</string>
				<key>CLANG_ENABLE_MODULES</key>
				<string>YES</string>
				<key>CODE_SIGN_IDENTITY</key>
				<string>iPhone Developer</string>
				<key>DEFINES_MODULE</key>
				<string>YES</string>
				<key>DEVELOPMENT_TEAM</key>
				<string>57WTDCG577</string>
				<key>GCC_PREFIX_HEADER</key>
				<string>$(SRCROOT)/BLBook/BLBook.pch</string>
				<key>INFOPLIST_FILE</key>
				<string>BLBook/Info.plist</string>
				<key>IPHONEOS_DEPLOYMENT_TARGET</key>
				<string>8.0</string>
				<key>LD_RUNPATH_SEARCH_PATHS</key>
				<string>$(inherited) @executable_path/Frameworks</string>
				<key>PRODUCT_BUNDLE_IDENTIFIER</key>
				<string>com.bacic5i5j.BLBook</string>
				<key>PRODUCT_NAME</key>
				<string>$(TARGET_NAME)</string>
				<key>PROVISIONING_PROFILE</key>
				<string></string>
				<key>SWIFT_OBJC_BRIDGING_HEADER</key>
				<string>BLBook/BLBook-Bridging-Header.h</string>
				<key>SWIFT_VERSION</key>
				<string>3.0</string>
			</dict>
			<key>isa</key>
			<string>XCBuildConfiguration</string>
			<key>name</key>
			<string>Release</string>
		</dict>
		<key>6E8DE3401E5BD2320058E6CD</key>
		<dict>
			<key>buildConfigurations</key>
			<array>
				<string>6E8DE3411E5BD2320058E6CD</string>
				<string>6E8DE3421E5BD2320058E6CD</string>
			</array>
			<key>defaultConfigurationIsVisible</key>
			<string>0</string>
			<key>defaultConfigurationName</key>
			<string>Release</string>
			<key>isa</key>
			<string>XCConfigurationList</string>
		</dict>
		<key>6E8DE3411E5BD2320058E6CD</key>
		<dict>
			<key>buildSettings</key>
			<dict>
				<key>ALWAYS_EMBED_SWIFT_STANDARD_LIBRARIES</key>
				<string>YES</string>
				<key>BUNDLE_LOADER</key>
				<string>$(TEST_HOST)</string>
				<key>INFOPLIST_FILE</key>
				<string>BLBookTests/Info.plist</string>
				<key>LD_RUNPATH_SEARCH_PATHS</key>
				<string>$(inherited) @executable_path/Frameworks @loader_path/Frameworks</string>
				<key>PRODUCT_BUNDLE_IDENTIFIER</key>
				<string>com.bacic5i5j.BLBookTests</string>
				<key>PRODUCT_NAME</key>
				<string>$(TARGET_NAME)</string>
				<key>TEST_HOST</key>
				<string>$(BUILT_PRODUCTS_DIR)/BLBook.app/BLBook</string>
			</dict>
			<key>isa</key>
			<string>XCBuildConfiguration</string>
			<key>name</key>
			<string>Debug</string>
		</dict>
		<key>6E8DE3421E5BD2320058E6CD</key>
		<dict>
			<key>buildSettings</key>
			<dict>
				<key>ALWAYS_EMBED_SWIFT_STANDARD_LIBRARIES</key>
				<string>YES</string>
				<key>BUNDLE_LOADER</key>
				<string>$(TEST_HOST)</string>
				<key>INFOPLIST_FILE</key>
				<string>BLBookTests/Info.plist</string>
				<key>LD_RUNPATH_SEARCH_PATHS</key>
				<string>$(inherited) @executable_path/Frameworks @loader_path/Frameworks</string>
				<key>PRODUCT_BUNDLE_IDENTIFIER</key>
				<string>com.bacic5i5j.BLBookTests</string>
				<key>PRODUCT_NAME</key>
				<string>$(TARGET_NAME)</string>
				<key>TEST_HOST</key>
				<string>$(BUILT_PRODUCTS_DIR)/BLBook.app/BLBook</string>
			</dict>
			<key>isa</key>
			<string>XCBuildConfiguration</string>
			<key>name</key>
			<string>Release</string>
		</dict>
		<key>6E8DE3431E5BD2320058E6CD</key>
		<dict>
			<key>buildConfigurations</key>
			<array>
				<string>6E8DE3441E5BD2320058E6CD</string>
				<string>6E8DE3451E5BD2320058E6CD</string>
			</array>
			<key>defaultConfigurationIsVisible</key>
			<string>0</string>
			<key>defaultConfigurationName</key>
			<string>Release</string>
			<key>isa</key>
			<string>XCConfigurationList</string>
		</dict>
		<key>6E8DE3441E5BD2320058E6CD</key>
		<dict>
			<key>buildSettings</key>
			<dict>
				<key>ALWAYS_EMBED_SWIFT_STANDARD_LIBRARIES</key>
				<string>YES</string>
				<key>INFOPLIST_FILE</key>
				<string>BLBookUITests/Info.plist</string>
				<key>LD_RUNPATH_SEARCH_PATHS</key>
				<string>$(inherited) @executable_path/Frameworks @loader_path/Frameworks</string>
				<key>PRODUCT_BUNDLE_IDENTIFIER</key>
				<string>com.bacic5i5j.BLBookUITests</string>
				<key>PRODUCT_NAME</key>
				<string>$(TARGET_NAME)</string>
				<key>TEST_TARGET_NAME</key>
				<string>BLBook</string>
			</dict>
			<key>isa</key>
			<string>XCBuildConfiguration</string>
			<key>name</key>
			<string>Debug</string>
		</dict>
		<key>6E8DE3451E5BD2320058E6CD</key>
		<dict>
			<key>buildSettings</key>
			<dict>
				<key>ALWAYS_EMBED_SWIFT_STANDARD_LIBRARIES</key>
				<string>YES</string>
				<key>INFOPLIST_FILE</key>
				<string>BLBookUITests/Info.plist</string>
				<key>LD_RUNPATH_SEARCH_PATHS</key>
				<string>$(inherited) @executable_path/Frameworks @loader_path/Frameworks</string>
				<key>PRODUCT_BUNDLE_IDENTIFIER</key>
				<string>com.bacic5i5j.BLBookUITests</string>
				<key>PRODUCT_NAME</key>
				<string>$(TARGET_NAME)</string>
				<key>TEST_TARGET_NAME</key>
				<string>BLBook</string>
			</dict>
			<key>isa</key>
			<string>XCBuildConfiguration</string>
			<key>name</key>
			<string>Release</string>
		</dict>
		<key>6E8DE3871E5BDFBC0058E6CD</key>
		<dict>
			<key>fileEncoding</key>
			<string>4</string>
			<key>isa</key>
			<string>PBXFileReference</string>
			<key>lastKnownFileType</key>
			<string>sourcecode.c.h</string>
			<key>path</key>
			<string>BookViewController.h</string>
			<key>sourceTree</key>
			<string>&lt;group&gt;</string>
		</dict>
		<key>6E8DE3881E5BDFBC0058E6CD</key>
		<dict>
			<key>fileEncoding</key>
			<string>4</string>
			<key>isa</key>
			<string>PBXFileReference</string>
			<key>lastKnownFileType</key>
			<string>sourcecode.c.objc</string>
			<key>path</key>
			<string>BookViewController.m</string>
			<key>sourceTree</key>
			<string>&lt;group&gt;</string>
		</dict>
		<key>6E8DE3891E5BDFBC0058E6CD</key>
		<dict>
			<key>fileRef</key>
			<string>6E8DE3881E5BDFBC0058E6CD</string>
			<key>isa</key>
			<string>PBXBuildFile</string>
		</dict>
		<key>6E8DE38A1E5C19810058E6CD</key>
		<dict>
			<key>fileEncoding</key>
			<string>4</string>
			<key>isa</key>
			<string>PBXFileReference</string>
			<key>lastKnownFileType</key>
			<string>sourcecode.c.h</string>
			<key>path</key>
			<string>FileUtil.h</string>
			<key>sourceTree</key>
			<string>&lt;group&gt;</string>
		</dict>
		<key>6E8DE38B1E5C19810058E6CD</key>
		<dict>
			<key>fileEncoding</key>
			<string>4</string>
			<key>isa</key>
			<string>PBXFileReference</string>
			<key>lastKnownFileType</key>
			<string>sourcecode.c.objc</string>
			<key>path</key>
			<string>FileUtil.m</string>
			<key>sourceTree</key>
			<string>&lt;group&gt;</string>
		</dict>
		<key>6E8DE38C1E5C19810058E6CD</key>
		<dict>
			<key>fileRef</key>
			<string>6E8DE38B1E5C19810058E6CD</string>
			<key>isa</key>
			<string>PBXBuildFile</string>
		</dict>
		<key>6EC003961E64230000D82112</key>
		<dict>
			<key>fileEncoding</key>
			<string>4</string>
			<key>isa</key>
			<string>PBXFileReference</string>
			<key>lastKnownFileType</key>
			<string>sourcecode.c.h</string>
			<key>path</key>
			<string>BLDownloadView.h</string>
			<key>sourceTree</key>
			<string>&lt;group&gt;</string>
		</dict>
		<key>6EC003971E64230000D82112</key>
		<dict>
			<key>fileEncoding</key>
			<string>4</string>
			<key>isa</key>
			<string>PBXFileReference</string>
			<key>lastKnownFileType</key>
			<string>sourcecode.c.objc</string>
			<key>path</key>
			<string>BLDownloadView.m</string>
			<key>sourceTree</key>
			<string>&lt;group&gt;</string>
		</dict>
		<key>6EC003981E64230000D82112</key>
		<dict>
			<key>fileRef</key>
			<string>6EC003971E64230000D82112</string>
			<key>isa</key>
			<string>PBXBuildFile</string>
		</dict>
		<key>6EFD859B1E5E80350086B7ED</key>
		<dict>
			<key>fileEncoding</key>
			<string>4</string>
			<key>isa</key>
			<string>PBXFileReference</string>
			<key>lastKnownFileType</key>
			<string>sourcecode.c.h</string>
			<key>path</key>
			<string>Book.h</string>
			<key>sourceTree</key>
			<string>&lt;group&gt;</string>
		</dict>
		<key>6EFD859C1E5E80350086B7ED</key>
		<dict>
			<key>fileEncoding</key>
			<string>4</string>
			<key>isa</key>
			<string>PBXFileReference</string>
			<key>lastKnownFileType</key>
			<string>sourcecode.c.objc</string>
			<key>path</key>
			<string>Book.m</string>
			<key>sourceTree</key>
			<string>&lt;group&gt;</string>
		</dict>
		<key>6EFD859D1E5E80350086B7ED</key>
		<dict>
			<key>fileRef</key>
			<string>6EFD859C1E5E80350086B7ED</string>
			<key>isa</key>
			<string>PBXBuildFile</string>
		</dict>
		<key>6EFD859E1E5E81B30086B7ED</key>
		<dict>
			<key>fileEncoding</key>
			<string>4</string>
			<key>isa</key>
			<string>PBXFileReference</string>
			<key>lastKnownFileType</key>
			<string>sourcecode.c.h</string>
			<key>path</key>
			<string>AddBookViewController.h</string>
			<key>sourceTree</key>
			<string>&lt;group&gt;</string>
		</dict>
		<key>6EFD859F1E5E81B30086B7ED</key>
		<dict>
			<key>fileEncoding</key>
			<string>4</string>
			<key>isa</key>
			<string>PBXFileReference</string>
			<key>lastKnownFileType</key>
			<string>sourcecode.c.objc</string>
			<key>path</key>
			<string>AddBookViewController.m</string>
			<key>sourceTree</key>
			<string>&lt;group&gt;</string>
		</dict>
		<key>6EFD85A01E5E81B30086B7ED</key>
		<dict>
			<key>fileRef</key>
			<string>6EFD859F1E5E81B30086B7ED</string>
			<key>isa</key>
			<string>PBXBuildFile</string>
		</dict>
		<key>6EFD85A11E5E83E00086B7ED</key>
		<dict>
			<key>isa</key>
			<string>PBXFileReference</string>
			<key>lastKnownFileType</key>
			<string>sourcecode.c.h</string>
			<key>path</key>
			<string>BLBook.pch</string>
			<key>sourceTree</key>
			<string>&lt;group&gt;</string>
		</dict>
		<key>6EFD85A21E5E855E0086B7ED</key>
		<dict>
			<key>children</key>
			<array>
				<string>6EFD85A41E5E85B10086B7ED</string>
				<string>6EFD85A31E5E85850086B7ED</string>
			</array>
			<key>isa</key>
			<string>PBXGroup</string>
			<key>name</key>
			<string>Header</string>
			<key>sourceTree</key>
			<string>&lt;group&gt;</string>
		</dict>
		<key>6EFD85A31E5E85850086B7ED</key>
		<dict>
			<key>fileEncoding</key>
			<string>4</string>
			<key>isa</key>
			<string>PBXFileReference</string>
			<key>lastKnownFileType</key>
			<string>sourcecode.c.h</string>
			<key>path</key>
			<string>BLLog.h</string>
			<key>sourceTree</key>
			<string>&lt;group&gt;</string>
		</dict>
		<key>6EFD85A41E5E85B10086B7ED</key>
		<dict>
			<key>fileEncoding</key>
			<string>4</string>
			<key>isa</key>
			<string>PBXFileReference</string>
			<key>lastKnownFileType</key>
			<string>sourcecode.c.h</string>
			<key>path</key>
			<string>Common.h</string>
			<key>sourceTree</key>
			<string>&lt;group&gt;</string>
		</dict>
		<key>6EFD85A51E5E85BC0086B7ED</key>
		<dict>
			<key>children</key>
			<array/>
			<key>isa</key>
			<string>PBXGroup</string>
			<key>name</key>
			<string>API</string>
			<key>sourceTree</key>
			<string>&lt;group&gt;</string>
		</dict>
		<key>6EFD85A61E5E8FAE0086B7ED</key>
		<dict>
			<key>children</key>
			<array>
				<string>6EFD85A71E5E8FD40086B7ED</string>
				<string>6EFD85A81E5E8FD40086B7ED</string>
			</array>
			<key>isa</key>
			<string>PBXGroup</string>
			<key>name</key>
			<string>Category</string>
			<key>sourceTree</key>
			<string>&lt;group&gt;</string>
		</dict>
		<key>6EFD85A71E5E8FD40086B7ED</key>
		<dict>
			<key>fileEncoding</key>
			<string>4</string>
			<key>isa</key>
			<string>PBXFileReference</string>
			<key>lastKnownFileType</key>
			<string>sourcecode.c.h</string>
			<key>path</key>
			<string>NSString+Util.h</string>
			<key>sourceTree</key>
			<string>&lt;group&gt;</string>
		</dict>
		<key>6EFD85A81E5E8FD40086B7ED</key>
		<dict>
			<key>fileEncoding</key>
			<string>4</string>
			<key>isa</key>
			<string>PBXFileReference</string>
			<key>lastKnownFileType</key>
			<string>sourcecode.c.objc</string>
			<key>path</key>
			<string>NSString+Util.m</string>
			<key>sourceTree</key>
			<string>&lt;group&gt;</string>
		</dict>
		<key>6EFD85A91E5E8FD40086B7ED</key>
		<dict>
			<key>fileRef</key>
			<string>6EFD85A81E5E8FD40086B7ED</string>
			<key>isa</key>
			<string>PBXBuildFile</string>
		</dict>
		<key>6EFD85AA1E5ECC680086B7ED</key>
		<dict>
			<key>fileEncoding</key>
			<string>4</string>
			<key>isa</key>
			<string>PBXFileReference</string>
			<key>lastKnownFileType</key>
			<string>sourcecode.c.h</string>
			<key>path</key>
			<string>BookView.h</string>
			<key>sourceTree</key>
			<string>&lt;group&gt;</string>
		</dict>
		<key>6EFD85AB1E5ECC680086B7ED</key>
		<dict>
			<key>fileEncoding</key>
			<string>4</string>
			<key>isa</key>
			<string>PBXFileReference</string>
			<key>lastKnownFileType</key>
			<string>sourcecode.c.objc</string>
			<key>path</key>
			<string>BookView.m</string>
			<key>sourceTree</key>
			<string>&lt;group&gt;</string>
		</dict>
		<key>6EFD85AC1E5ECC680086B7ED</key>
		<dict>
			<key>fileRef</key>
			<string>6EFD85AB1E5ECC680086B7ED</string>
			<key>isa</key>
			<string>PBXBuildFile</string>
		</dict>
		<key>6EFD85AD1E5EE5C50086B7ED</key>
		<dict>
			<key>fileEncoding</key>
			<string>4</string>
			<key>isa</key>
			<string>PBXFileReference</string>
			<key>lastKnownFileType</key>
			<string>sourcecode.c.h</string>
			<key>path</key>
			<string>BLNavigationController.h</string>
			<key>sourceTree</key>
			<string>&lt;group&gt;</string>
		</dict>
		<key>6EFD85AE1E5EE5C50086B7ED</key>
		<dict>
			<key>fileEncoding</key>
			<string>4</string>
			<key>isa</key>
			<string>PBXFileReference</string>
			<key>lastKnownFileType</key>
			<string>sourcecode.c.objc</string>
			<key>path</key>
			<string>BLNavigationController.m</string>
			<key>sourceTree</key>
			<string>&lt;group&gt;</string>
		</dict>
		<key>6EFD85AF1E5EE5C50086B7ED</key>
		<dict>
			<key>fileRef</key>
			<string>6EFD85AE1E5EE5C50086B7ED</string>
			<key>isa</key>
			<string>PBXBuildFile</string>
		</dict>
		<key>7B8F22CB9EDF8F8C3320A8C5</key>
		<dict>
			<key>children</key>
			<array>
				<string>F6BBD405658B1D1141CF7C3D</string>
				<string>DA1D74B2D8BE94AF57A2C257</string>
			</array>
			<key>isa</key>
			<string>PBXGroup</string>
			<key>name</key>
			<string>Pods</string>
			<key>sourceTree</key>
			<string>&lt;group&gt;</string>
		</dict>
		<key>DA1D74B2D8BE94AF57A2C257</key>
		<dict>
			<key>includeInIndex</key>
			<string>1</string>
			<key>isa</key>
			<string>PBXFileReference</string>
			<key>lastKnownFileType</key>
			<string>text.xcconfig</string>
			<key>name</key>
			<string>Pods-BLBook.release.xcconfig</string>
			<key>path</key>
			<string>Pods/Target Support Files/Pods-BLBook/Pods-BLBook.release.xcconfig</string>
			<key>sourceTree</key>
			<string>&lt;group&gt;</string>
		</dict>
		<key>F6AFF1FC2F0BCDA82560A744</key>
		<dict>
			<key>fileRef</key>
			<string>65CF75C5282B9514DFBE46E9</string>
			<key>isa</key>
			<string>PBXBuildFile</string>
		</dict>
		<key>F6BBD405658B1D1141CF7C3D</key>
		<dict>
			<key>includeInIndex</key>
			<string>1</string>
			<key>isa</key>
			<string>PBXFileReference</string>
			<key>lastKnownFileType</key>
			<string>text.xcconfig</string>
			<key>name</key>
			<string>Pods-BLBook.debug.xcconfig</string>
			<key>path</key>
			<string>Pods/Target Support Files/Pods-BLBook/Pods-BLBook.debug.xcconfig</string>
			<key>sourceTree</key>
			<string>&lt;group&gt;</string>
		</dict>
		<key>FE664B7CC8034632D04EFAC8</key>
		<dict>
			<key>buildActionMask</key>
			<string>2147483647</string>
			<key>files</key>
			<array/>
			<key>inputPaths</key>
			<array/>
			<key>isa</key>
			<string>PBXShellScriptBuildPhase</string>
			<key>name</key>
			<string>[CP] Check Pods Manifest.lock</string>
			<key>outputPaths</key>
			<array/>
			<key>runOnlyForDeploymentPostprocessing</key>
			<string>0</string>
			<key>shellPath</key>
			<string>/bin/sh</string>
			<key>shellScript</key>
			<string>diff "${PODS_ROOT}/../Podfile.lock" "${PODS_ROOT}/Manifest.lock" &gt; /dev/null
if [[ $? != 0 ]] ; then
    cat &lt;&lt; EOM
error: The sandbox is not in sync with the Podfile.lock. Run 'pod install' or update your CocoaPods installation.
EOM
    exit 1
fi
</string>
			<key>showEnvVarsInLog</key>
			<string>0</string>
		</dict>
		<key>FFFCCB4962C66874D11730A6</key>
		<dict>
			<key>buildActionMask</key>
			<string>2147483647</string>
			<key>files</key>
			<array/>
			<key>inputPaths</key>
			<array/>
			<key>isa</key>
			<string>PBXShellScriptBuildPhase</string>
			<key>name</key>
			<string>[CP] Embed Pods Frameworks</string>
			<key>outputPaths</key>
			<array/>
			<key>runOnlyForDeploymentPostprocessing</key>
			<string>0</string>
			<key>shellPath</key>
			<string>/bin/sh</string>
			<key>shellScript</key>
			<string>"${SRCROOT}/Pods/Target Support Files/Pods-BLBook/Pods-BLBook-frameworks.sh"
</string>
			<key>showEnvVarsInLog</key>
			<string>0</string>
		</dict>
	</dict>
	<key>rootObject</key>
	<string>6E8DE3081E5BD2310058E6CD</string>
</dict>
</plist>
